// !$*UTF8*$!
{
	archiveVersion = 1;
	classes = {
	};
	objectVersion = 48;
	objects = {

/* Begin PBXBuildFile section */
		07165A4120796D2900132D5F /* BadgeViewController.m in Sources */ = {isa = PBXBuildFile; fileRef = 07165A4020796D2900132D5F /* BadgeViewController.m */; };
		07165A4420796D4B00132D5F /* BadgeViewController.xib in Resources */ = {isa = PBXBuildFile; fileRef = 07165A4220796D4B00132D5F /* BadgeViewController.xib */; };
		07165A4720796E2900132D5F /* UINavigationController+Extensions.m in Sources */ = {isa = PBXBuildFile; fileRef = 07165A4620796E2900132D5F /* UINavigationController+Extensions.m */; };
		07165A4A2079716100132D5F /* WindowViewController.m in Sources */ = {isa = PBXBuildFile; fileRef = 07165A492079716100132D5F /* WindowViewController.m */; };
		07165A4D2079F7BF00132D5F /* ButtonViewController.m in Sources */ = {isa = PBXBuildFile; fileRef = 07165A4C2079F7BF00132D5F /* ButtonViewController.m */; };
		07165A502079F8B400132D5F /* ButtonViewController.xib in Resources */ = {isa = PBXBuildFile; fileRef = 07165A4E2079F8B400132D5F /* ButtonViewController.xib */; };
		078CE98A205C9C1C001592BA /* AppDelegate.m in Sources */ = {isa = PBXBuildFile; fileRef = 078CE989205C9C1C001592BA /* AppDelegate.m */; };
		078CE992205C9C1C001592BA /* Assets.xcassets in Resources */ = {isa = PBXBuildFile; fileRef = 078CE991205C9C1C001592BA /* Assets.xcassets */; };
		078CE995205C9C1C001592BA /* LaunchScreen.storyboard in Resources */ = {isa = PBXBuildFile; fileRef = 078CE993205C9C1C001592BA /* LaunchScreen.storyboard */; };
		078CE998205C9C1C001592BA /* main.m in Sources */ = {isa = PBXBuildFile; fileRef = 078CE997205C9C1C001592BA /* main.m */; };
		07D0F519207812B800EC38F0 /* TabBarController.m in Sources */ = {isa = PBXBuildFile; fileRef = 07D0F518207812B800EC38F0 /* TabBarController.m */; };
		07D0F51C2078139600EC38F0 /* BorderedViewController.m in Sources */ = {isa = PBXBuildFile; fileRef = 07D0F51B2078139600EC38F0 /* BorderedViewController.m */; };
		07D0F51F2078141700EC38F0 /* BorderedViewController.xib in Resources */ = {isa = PBXBuildFile; fileRef = 07D0F51D2078141700EC38F0 /* BorderedViewController.xib */; };
		07D0F523207817B400EC38F0 /* WindowAccessoryView.m in Sources */ = {isa = PBXBuildFile; fileRef = 07D0F522207817B400EC38F0 /* WindowAccessoryView.m */; };
		07D0F5262078199800EC38F0 /* UIBarButtonItem+Extensions.m in Sources */ = {isa = PBXBuildFile; fileRef = 07D0F5252078199800EC38F0 /* UIBarButtonItem+Extensions.m */; };
		3F96BE14431A6071472D5EC4 /* libPods-Kosoku-Blog-Ditko.a in Frameworks */ = {isa = PBXBuildFile; fileRef = 3DFDEFD4DCCCC4962A7B3B4F /* libPods-Kosoku-Blog-Ditko.a */; };
/* End PBXBuildFile section */

/* Begin PBXFileReference section */
		07165A3F20796D2900132D5F /* BadgeViewController.h */ = {isa = PBXFileReference; lastKnownFileType = sourcecode.c.h; path = BadgeViewController.h; sourceTree = "<group>"; };
		07165A4020796D2900132D5F /* BadgeViewController.m */ = {isa = PBXFileReference; lastKnownFileType = sourcecode.c.objc; path = BadgeViewController.m; sourceTree = "<group>"; };
		07165A4320796D4B00132D5F /* Base */ = {isa = PBXFileReference; lastKnownFileType = file.xib; name = Base; path = Base.lproj/BadgeViewController.xib; sourceTree = "<group>"; };
		07165A4520796E2900132D5F /* UINavigationController+Extensions.h */ = {isa = PBXFileReference; lastKnownFileType = sourcecode.c.h; path = "UINavigationController+Extensions.h"; sourceTree = "<group>"; };
		07165A4620796E2900132D5F /* UINavigationController+Extensions.m */ = {isa = PBXFileReference; lastKnownFileType = sourcecode.c.objc; path = "UINavigationController+Extensions.m"; sourceTree = "<group>"; };
		07165A482079716100132D5F /* WindowViewController.h */ = {isa = PBXFileReference; lastKnownFileType = sourcecode.c.h; path = WindowViewController.h; sourceTree = "<group>"; };
		07165A492079716100132D5F /* WindowViewController.m */ = {isa = PBXFileReference; lastKnownFileType = sourcecode.c.objc; path = WindowViewController.m; sourceTree = "<group>"; };
		07165A4B2079F7BF00132D5F /* ButtonViewController.h */ = {isa = PBXFileReference; lastKnownFileType = sourcecode.c.h; path = ButtonViewController.h; sourceTree = "<group>"; };
		07165A4C2079F7BF00132D5F /* ButtonViewController.m */ = {isa = PBXFileReference; lastKnownFileType = sourcecode.c.objc; path = ButtonViewController.m; sourceTree = "<group>"; };
		07165A4F2079F8B400132D5F /* Base */ = {isa = PBXFileReference; lastKnownFileType = file.xib; name = Base; path = Base.lproj/ButtonViewController.xib; sourceTree = "<group>"; };
		078CE985205C9C1C001592BA /* Kosoku-Blog-Ditko.app */ = {isa = PBXFileReference; explicitFileType = wrapper.application; includeInIndex = 0; path = "Kosoku-Blog-Ditko.app"; sourceTree = BUILT_PRODUCTS_DIR; };
		078CE988205C9C1C001592BA /* AppDelegate.h */ = {isa = PBXFileReference; lastKnownFileType = sourcecode.c.h; path = AppDelegate.h; sourceTree = "<group>"; };
		078CE989205C9C1C001592BA /* AppDelegate.m */ = {isa = PBXFileReference; lastKnownFileType = sourcecode.c.objc; path = AppDelegate.m; sourceTree = "<group>"; };
		078CE991205C9C1C001592BA /* Assets.xcassets */ = {isa = PBXFileReference; lastKnownFileType = folder.assetcatalog; path = Assets.xcassets; sourceTree = "<group>"; };
		078CE994205C9C1C001592BA /* Base */ = {isa = PBXFileReference; lastKnownFileType = file.storyboard; name = Base; path = Base.lproj/LaunchScreen.storyboard; sourceTree = "<group>"; };
		078CE996205C9C1C001592BA /* Info.plist */ = {isa = PBXFileReference; lastKnownFileType = text.plist.xml; path = Info.plist; sourceTree = "<group>"; };
		078CE997205C9C1C001592BA /* main.m */ = {isa = PBXFileReference; lastKnownFileType = sourcecode.c.objc; path = main.m; sourceTree = "<group>"; };
		07D0F517207812B800EC38F0 /* TabBarController.h */ = {isa = PBXFileReference; lastKnownFileType = sourcecode.c.h; path = TabBarController.h; sourceTree = "<group>"; };
		07D0F518207812B800EC38F0 /* TabBarController.m */ = {isa = PBXFileReference; lastKnownFileType = sourcecode.c.objc; path = TabBarController.m; sourceTree = "<group>"; };
		07D0F51A2078139600EC38F0 /* BorderedViewController.h */ = {isa = PBXFileReference; lastKnownFileType = sourcecode.c.h; path = BorderedViewController.h; sourceTree = "<group>"; };
		07D0F51B2078139600EC38F0 /* BorderedViewController.m */ = {isa = PBXFileReference; lastKnownFileType = sourcecode.c.objc; path = BorderedViewController.m; sourceTree = "<group>"; };
		07D0F51E2078141700EC38F0 /* Base */ = {isa = PBXFileReference; lastKnownFileType = file.xib; name = Base; path = Base.lproj/BorderedViewController.xib; sourceTree = "<group>"; };
		07D0F5202078164400EC38F0 /* Constants.h */ = {isa = PBXFileReference; lastKnownFileType = sourcecode.c.h; path = Constants.h; sourceTree = "<group>"; };
		07D0F521207817B400EC38F0 /* WindowAccessoryView.h */ = {isa = PBXFileReference; lastKnownFileType = sourcecode.c.h; path = WindowAccessoryView.h; sourceTree = "<group>"; };
		07D0F522207817B400EC38F0 /* WindowAccessoryView.m */ = {isa = PBXFileReference; lastKnownFileType = sourcecode.c.objc; path = WindowAccessoryView.m; sourceTree = "<group>"; };
		07D0F5242078199800EC38F0 /* UIBarButtonItem+Extensions.h */ = {isa = PBXFileReference; lastKnownFileType = sourcecode.c.h; path = "UIBarButtonItem+Extensions.h"; sourceTree = "<group>"; };
		07D0F5252078199800EC38F0 /* UIBarButtonItem+Extensions.m */ = {isa = PBXFileReference; lastKnownFileType = sourcecode.c.objc; path = "UIBarButtonItem+Extensions.m"; sourceTree = "<group>"; };
		31FF0E510B440F72C55BC8C5 /* Pods-Kosoku-Blog-Ditko.release.xcconfig */ = {isa = PBXFileReference; includeInIndex = 1; lastKnownFileType = text.xcconfig; name = "Pods-Kosoku-Blog-Ditko.release.xcconfig"; path = "Pods/Target Support Files/Pods-Kosoku-Blog-Ditko/Pods-Kosoku-Blog-Ditko.release.xcconfig"; sourceTree = "<group>"; };
		3DFDEFD4DCCCC4962A7B3B4F /* libPods-Kosoku-Blog-Ditko.a */ = {isa = PBXFileReference; explicitFileType = archive.ar; includeInIndex = 0; path = "libPods-Kosoku-Blog-Ditko.a"; sourceTree = BUILT_PRODUCTS_DIR; };
		5AA2C4B1E40BA2DF65B1A283 /* Pods-Kosoku-Blog-Ditko.debug.xcconfig */ = {isa = PBXFileReference; includeInIndex = 1; lastKnownFileType = text.xcconfig; name = "Pods-Kosoku-Blog-Ditko.debug.xcconfig"; path = "Pods/Target Support Files/Pods-Kosoku-Blog-Ditko/Pods-Kosoku-Blog-Ditko.debug.xcconfig"; sourceTree = "<group>"; };
/* End PBXFileReference section */

/* Begin PBXFrameworksBuildPhase section */
		078CE982205C9C1C001592BA /* Frameworks */ = {
			isa = PBXFrameworksBuildPhase;
			buildActionMask = 2147483647;
			files = (
				3F96BE14431A6071472D5EC4 /* libPods-Kosoku-Blog-Ditko.a in Frameworks */,
			);
			runOnlyForDeploymentPostprocessing = 0;
		};
/* End PBXFrameworksBuildPhase section */

/* Begin PBXGroup section */
		078CE97C205C9C1C001592BA = {
			isa = PBXGroup;
			children = (
				078CE987205C9C1C001592BA /* Kosoku-Blog-Ditko */,
				078CE986205C9C1C001592BA /* Products */,
				A2A2626B258E61010CFB2D0E /* Pods */,
				64AAEE2B5710197F864B3C51 /* Frameworks */,
			);
			sourceTree = "<group>";
		};
		078CE986205C9C1C001592BA /* Products */ = {
			isa = PBXGroup;
			children = (
				078CE985205C9C1C001592BA /* Kosoku-Blog-Ditko.app */,
			);
			name = Products;
			sourceTree = "<group>";
		};
		078CE987205C9C1C001592BA /* Kosoku-Blog-Ditko */ = {
			isa = PBXGroup;
			children = (
				07D0F5202078164400EC38F0 /* Constants.h */,
				07D0F5242078199800EC38F0 /* UIBarButtonItem+Extensions.h */,
				07D0F5252078199800EC38F0 /* UIBarButtonItem+Extensions.m */,
				07165A4520796E2900132D5F /* UINavigationController+Extensions.h */,
				07165A4620796E2900132D5F /* UINavigationController+Extensions.m */,
				078CE988205C9C1C001592BA /* AppDelegate.h */,
				078CE989205C9C1C001592BA /* AppDelegate.m */,
				07D0F517207812B800EC38F0 /* TabBarController.h */,
				07D0F518207812B800EC38F0 /* TabBarController.m */,
				07D0F521207817B400EC38F0 /* WindowAccessoryView.h */,
				07D0F522207817B400EC38F0 /* WindowAccessoryView.m */,
				07165A482079716100132D5F /* WindowViewController.h */,
				07165A492079716100132D5F /* WindowViewController.m */,
				07165A4B2079F7BF00132D5F /* ButtonViewController.h */,
				07165A4C2079F7BF00132D5F /* ButtonViewController.m */,
				07165A4E2079F8B400132D5F /* ButtonViewController.xib */,
				07165A3F20796D2900132D5F /* BadgeViewController.h */,
				07165A4020796D2900132D5F /* BadgeViewController.m */,
				07165A4220796D4B00132D5F /* BadgeViewController.xib */,
				07D0F51A2078139600EC38F0 /* BorderedViewController.h */,
				07D0F51B2078139600EC38F0 /* BorderedViewController.m */,
				07D0F51D2078141700EC38F0 /* BorderedViewController.xib */,
				078CE991205C9C1C001592BA /* Assets.xcassets */,
				078CE993205C9C1C001592BA /* LaunchScreen.storyboard */,
				078CE996205C9C1C001592BA /* Info.plist */,
				078CE997205C9C1C001592BA /* main.m */,
			);
			path = "Kosoku-Blog-Ditko";
			sourceTree = "<group>";
		};
		64AAEE2B5710197F864B3C51 /* Frameworks */ = {
			isa = PBXGroup;
			children = (
				3DFDEFD4DCCCC4962A7B3B4F /* libPods-Kosoku-Blog-Ditko.a */,
			);
			name = Frameworks;
			sourceTree = "<group>";
		};
		A2A2626B258E61010CFB2D0E /* Pods */ = {
			isa = PBXGroup;
			children = (
				5AA2C4B1E40BA2DF65B1A283 /* Pods-Kosoku-Blog-Ditko.debug.xcconfig */,
				31FF0E510B440F72C55BC8C5 /* Pods-Kosoku-Blog-Ditko.release.xcconfig */,
			);
			name = Pods;
			sourceTree = "<group>";
		};
/* End PBXGroup section */

/* Begin PBXNativeTarget section */
		078CE984205C9C1C001592BA /* Kosoku-Blog-Ditko */ = {
			isa = PBXNativeTarget;
			buildConfigurationList = 078CE99B205C9C1C001592BA /* Build configuration list for PBXNativeTarget "Kosoku-Blog-Ditko" */;
			buildPhases = (
				AB92833BFFA20D0FE3A6ECA7 /* [CP] Check Pods Manifest.lock */,
				078CE981205C9C1C001592BA /* Sources */,
				078CE982205C9C1C001592BA /* Frameworks */,
				078CE983205C9C1C001592BA /* Resources */,
				58ED2EACC61B35C28436C773 /* [CP] Embed Pods Frameworks */,
				58EB1F93747850EF0C4CA344 /* [CP] Copy Pods Resources */,
			);
			buildRules = (
			);
			dependencies = (
			);
			name = "Kosoku-Blog-Ditko";
			productName = "Kosoku-Blog-Ditko";
			productReference = 078CE985205C9C1C001592BA /* Kosoku-Blog-Ditko.app */;
			productType = "com.apple.product-type.application";
		};
/* End PBXNativeTarget section */

/* Begin PBXProject section */
		078CE97D205C9C1C001592BA /* Project object */ = {
			isa = PBXProject;
			attributes = {
				LastUpgradeCheck = 0920;
				ORGANIZATIONNAME = "Kosoku Interactive, LLC.";
				TargetAttributes = {
					078CE984205C9C1C001592BA = {
						CreatedOnToolsVersion = 9.2;
						ProvisioningStyle = Automatic;
					};
				};
			};
			buildConfigurationList = 078CE980205C9C1C001592BA /* Build configuration list for PBXProject "Kosoku-Blog-Ditko" */;
			compatibilityVersion = "Xcode 8.0";
			developmentRegion = en;
			hasScannedForEncodings = 0;
			knownRegions = (
				en,
				Base,
			);
			mainGroup = 078CE97C205C9C1C001592BA;
			productRefGroup = 078CE986205C9C1C001592BA /* Products */;
			projectDirPath = "";
			projectRoot = "";
			targets = (
				078CE984205C9C1C001592BA /* Kosoku-Blog-Ditko */,
			);
		};
/* End PBXProject section */

/* Begin PBXResourcesBuildPhase section */
		078CE983205C9C1C001592BA /* Resources */ = {
			isa = PBXResourcesBuildPhase;
			buildActionMask = 2147483647;
			files = (
				078CE995205C9C1C001592BA /* LaunchScreen.storyboard in Resources */,
				07165A502079F8B400132D5F /* ButtonViewController.xib in Resources */,
				078CE992205C9C1C001592BA /* Assets.xcassets in Resources */,
				07165A4420796D4B00132D5F /* BadgeViewController.xib in Resources */,
				07D0F51F2078141700EC38F0 /* BorderedViewController.xib in Resources */,
			);
			runOnlyForDeploymentPostprocessing = 0;
		};
/* End PBXResourcesBuildPhase section */

/* Begin PBXShellScriptBuildPhase section */
		58EB1F93747850EF0C4CA344 /* [CP] Copy Pods Resources */ = {
			isa = PBXShellScriptBuildPhase;
			buildActionMask = 2147483647;
			files = (
			);
			inputPaths = (
				"${SRCROOT}/Pods/Target Support Files/Pods-Kosoku-Blog-Ditko/Pods-Kosoku-Blog-Ditko-resources.sh",
				$PODS_CONFIGURATION_BUILD_DIR/Ditko/Ditko.bundle,
				$PODS_CONFIGURATION_BUILD_DIR/KSOFontAwesomeExtensions/KSOFontAwesomeExtensions.bundle,
				$PODS_CONFIGURATION_BUILD_DIR/Stanley/Stanley.bundle,
			);
			name = "[CP] Copy Pods Resources";
			outputPaths = (
				"${TARGET_BUILD_DIR}/${UNLOCALIZED_RESOURCES_FOLDER_PATH}",
			);
			runOnlyForDeploymentPostprocessing = 0;
			shellPath = /bin/sh;
			shellScript = "\"${SRCROOT}/Pods/Target Support Files/Pods-Kosoku-Blog-Ditko/Pods-Kosoku-Blog-Ditko-resources.sh\"\n";
			showEnvVarsInLog = 0;
		};
		58ED2EACC61B35C28436C773 /* [CP] Embed Pods Frameworks */ = {
			isa = PBXShellScriptBuildPhase;
			buildActionMask = 2147483647;
			files = (
			);
			inputPaths = (
			);
			name = "[CP] Embed Pods Frameworks";
			outputPaths = (
			);
			runOnlyForDeploymentPostprocessing = 0;
			shellPath = /bin/sh;
			shellScript = "\"${SRCROOT}/Pods/Target Support Files/Pods-Kosoku-Blog-Ditko/Pods-Kosoku-Blog-Ditko-frameworks.sh\"\n";
			showEnvVarsInLog = 0;
		};
		AB92833BFFA20D0FE3A6ECA7 /* [CP] Check Pods Manifest.lock */ = {
			isa = PBXShellScriptBuildPhase;
			buildActionMask = 2147483647;
			files = (
			);
			inputPaths = (
				"${PODS_PODFILE_DIR_PATH}/Podfile.lock",
				"${PODS_ROOT}/Manifest.lock",
			);
			name = "[CP] Check Pods Manifest.lock";
			outputPaths = (
				"$(DERIVED_FILE_DIR)/Pods-Kosoku-Blog-Ditko-checkManifestLockResult.txt",
			);
			runOnlyForDeploymentPostprocessing = 0;
			shellPath = /bin/sh;
			shellScript = "diff \"${PODS_PODFILE_DIR_PATH}/Podfile.lock\" \"${PODS_ROOT}/Manifest.lock\" > /dev/null\nif [ $? != 0 ] ; then\n    # print error to STDERR\n    echo \"error: The sandbox is not in sync with the Podfile.lock. Run 'pod install' or update your CocoaPods installation.\" >&2\n    exit 1\nfi\n# This output is used by Xcode 'outputs' to avoid re-running this script phase.\necho \"SUCCESS\" > \"${SCRIPT_OUTPUT_FILE_0}\"\n";
			showEnvVarsInLog = 0;
		};
/* End PBXShellScriptBuildPhase section */

/* Begin PBXSourcesBuildPhase section */
		078CE981205C9C1C001592BA /* Sources */ = {
			isa = PBXSourcesBuildPhase;
			buildActionMask = 2147483647;
			files = (
				07D0F519207812B800EC38F0 /* TabBarController.m in Sources */,
				07D0F523207817B400EC38F0 /* WindowAccessoryView.m in Sources */,
				07165A4120796D2900132D5F /* BadgeViewController.m in Sources */,
				07165A4720796E2900132D5F /* UINavigationController+Extensions.m in Sources */,
				07D0F5262078199800EC38F0 /* UIBarButtonItem+Extensions.m in Sources */,
				07D0F51C2078139600EC38F0 /* BorderedViewController.m in Sources */,
				078CE998205C9C1C001592BA /* main.m in Sources */,
				078CE98A205C9C1C001592BA /* AppDelegate.m in Sources */,
				07165A4D2079F7BF00132D5F /* ButtonViewController.m in Sources */,
				07165A4A2079716100132D5F /* WindowViewController.m in Sources */,
			);
			runOnlyForDeploymentPostprocessing = 0;
		};
/* End PBXSourcesBuildPhase section */

/* Begin PBXVariantGroup section */
		07165A4220796D4B00132D5F /* BadgeViewController.xib */ = {
			isa = PBXVariantGroup;
			children = (
				07165A4320796D4B00132D5F /* Base */,
			);
			name = BadgeViewController.xib;
			sourceTree = "<group>";
		};
		07165A4E2079F8B400132D5F /* ButtonViewController.xib */ = {
			isa = PBXVariantGroup;
			children = (
				07165A4F2079F8B400132D5F /* Base */,
			);
			name = ButtonViewController.xib;
			sourceTree = "<group>";
		};
		078CE993205C9C1C001592BA /* LaunchScreen.storyboard */ = {
			isa = PBXVariantGroup;
			children = (
				078CE994205C9C1C001592BA /* Base */,
			);
			name = LaunchScreen.storyboard;
			sourceTree = "<group>";
		};
		07D0F51D2078141700EC38F0 /* BorderedViewController.xib */ = {
			isa = PBXVariantGroup;
			children = (
				07D0F51E2078141700EC38F0 /* Base */,
			);
			name = BorderedViewController.xib;
			sourceTree = "<group>";
		};
/* End PBXVariantGroup section */

/* Begin XCBuildConfiguration section */
		078CE999205C9C1C001592BA /* Debug */ = {
			isa = XCBuildConfiguration;
			buildSettings = {
				ALWAYS_SEARCH_USER_PATHS = NO;
				CLANG_ANALYZER_NONNULL = YES;
				CLANG_ANALYZER_NUMBER_OBJECT_CONVERSION = YES_AGGRESSIVE;
				CLANG_CXX_LANGUAGE_STANDARD = "gnu++14";
				CLANG_CXX_LIBRARY = "libc++";
				CLANG_ENABLE_MODULES = YES;
				CLANG_ENABLE_OBJC_ARC = YES;
				CLANG_WARN_BLOCK_CAPTURE_AUTORELEASING = YES;
				CLANG_WARN_BOOL_CONVERSION = YES;
				CLANG_WARN_COMMA = YES;
				CLANG_WARN_CONSTANT_CONVERSION = YES;
				CLANG_WARN_DIRECT_OBJC_ISA_USAGE = YES_ERROR;
				CLANG_WARN_DOCUMENTATION_COMMENTS = YES;
				CLANG_WARN_EMPTY_BODY = YES;
				CLANG_WARN_ENUM_CONVERSION = YES;
				CLANG_WARN_INFINITE_RECURSION = YES;
				CLANG_WARN_INT_CONVERSION = YES;
				CLANG_WARN_NON_LITERAL_NULL_CONVERSION = YES;
				CLANG_WARN_OBJC_LITERAL_CONVERSION = YES;
				CLANG_WARN_OBJC_ROOT_CLASS = YES_ERROR;
				CLANG_WARN_RANGE_LOOP_ANALYSIS = YES;
				CLANG_WARN_STRICT_PROTOTYPES = YES;
				CLANG_WARN_SUSPICIOUS_MOVE = YES;
				CLANG_WARN_UNGUARDED_AVAILABILITY = YES_AGGRESSIVE;
				CLANG_WARN_UNREACHABLE_CODE = YES;
				CLANG_WARN__DUPLICATE_METHOD_MATCH = YES;
				CODE_SIGN_IDENTITY = "iPhone Developer";
				COPY_PHASE_STRIP = NO;
				DEBUG_INFORMATION_FORMAT = dwarf;
				ENABLE_STRICT_OBJC_MSGSEND = YES;
				ENABLE_TESTABILITY = YES;
				GCC_C_LANGUAGE_STANDARD = gnu11;
				GCC_DYNAMIC_NO_PIC = NO;
				GCC_NO_COMMON_BLOCKS = YES;
				GCC_OPTIMIZATION_LEVEL = 0;
				GCC_PREPROCESSOR_DEFINITIONS = (
					"DEBUG=1",
					"$(inherited)",
				);
				GCC_WARN_64_TO_32_BIT_CONVERSION = YES;
				GCC_WARN_ABOUT_RETURN_TYPE = YES_ERROR;
				GCC_WARN_UNDECLARED_SELECTOR = YES;
				GCC_WARN_UNINITIALIZED_AUTOS = YES_AGGRESSIVE;
				GCC_WARN_UNUSED_FUNCTION = YES;
				GCC_WARN_UNUSED_VARIABLE = YES;
				IPHONEOS_DEPLOYMENT_TARGET = 11.2;
				MTL_ENABLE_DEBUG_INFO = YES;
				ONLY_ACTIVE_ARCH = YES;
				SDKROOT = iphoneos;
			};
			name = Debug;
		};
		078CE99A205C9C1C001592BA /* Release */ = {
			isa = XCBuildConfiguration;
			buildSettings = {
				ALWAYS_SEARCH_USER_PATHS = NO;
				CLANG_ANALYZER_NONNULL = YES;
				CLANG_ANALYZER_NUMBER_OBJECT_CONVERSION = YES_AGGRESSIVE;
				CLANG_CXX_LANGUAGE_STANDARD = "gnu++14";
				CLANG_CXX_LIBRARY = "libc++";
				CLANG_ENABLE_MODULES = YES;
				CLANG_ENABLE_OBJC_ARC = YES;
				CLANG_WARN_BLOCK_CAPTURE_AUTORELEASING = YES;
				CLANG_WARN_BOOL_CONVERSION = YES;
				CLANG_WARN_COMMA = YES;
				CLANG_WARN_CONSTANT_CONVERSION = YES;
				CLANG_WARN_DIRECT_OBJC_ISA_USAGE = YES_ERROR;
				CLANG_WARN_DOCUMENTATION_COMMENTS = YES;
				CLANG_WARN_EMPTY_BODY = YES;
				CLANG_WARN_ENUM_CONVERSION = YES;
				CLANG_WARN_INFINITE_RECURSION = YES;
				CLANG_WARN_INT_CONVERSION = YES;
				CLANG_WARN_NON_LITERAL_NULL_CONVERSION = YES;
				CLANG_WARN_OBJC_LITERAL_CONVERSION = YES;
				CLANG_WARN_OBJC_ROOT_CLASS = YES_ERROR;
				CLANG_WARN_RANGE_LOOP_ANALYSIS = YES;
				CLANG_WARN_STRICT_PROTOTYPES = YES;
				CLANG_WARN_SUSPICIOUS_MOVE = YES;
				CLANG_WARN_UNGUARDED_AVAILABILITY = YES_AGGRESSIVE;
				CLANG_WARN_UNREACHABLE_CODE = YES;
				CLANG_WARN__DUPLICATE_METHOD_MATCH = YES;
				CODE_SIGN_IDENTITY = "iPhone Developer";
				COPY_PHASE_STRIP = NO;
				DEBUG_INFORMATION_FORMAT = "dwarf-with-dsym";
				ENABLE_NS_ASSERTIONS = NO;
				ENABLE_STRICT_OBJC_MSGSEND = YES;
				GCC_C_LANGUAGE_STANDARD = gnu11;
				GCC_NO_COMMON_BLOCKS = YES;
				GCC_WARN_64_TO_32_BIT_CONVERSION = YES;
				GCC_WARN_ABOUT_RETURN_TYPE = YES_ERROR;
				GCC_WARN_UNDECLARED_SELECTOR = YES;
				GCC_WARN_UNINITIALIZED_AUTOS = YES_AGGRESSIVE;
				GCC_WARN_UNUSED_FUNCTION = YES;
				GCC_WARN_UNUSED_VARIABLE = YES;
				IPHONEOS_DEPLOYMENT_TARGET = 11.2;
				MTL_ENABLE_DEBUG_INFO = NO;
				SDKROOT = iphoneos;
				VALIDATE_PRODUCT = YES;
			};
			name = Release;
		};
		078CE99C205C9C1C001592BA /* Debug */ = {
			isa = XCBuildConfiguration;
			baseConfigurationReference = 5AA2C4B1E40BA2DF65B1A283 /* Pods-Kosoku-Blog-Ditko.debug.xcconfig */;
			buildSettings = {
				ASSETCATALOG_COMPILER_APPICON_NAME = AppIcon;
				CODE_SIGN_STYLE = Automatic;
				DEVELOPMENT_TEAM = 74KPPW2K35;
				INFOPLIST_FILE = "Kosoku-Blog-Ditko/Info.plist";
				LD_RUNPATH_SEARCH_PATHS = "$(inherited) @executable_path/Frameworks";
				PRODUCT_BUNDLE_IDENTIFIER = "com.kosoku.Kosoku-Blog-Ditko";
				PRODUCT_NAME = "$(TARGET_NAME)";
				TARGETED_DEVICE_FAMILY = "1,2";
			};
			name = Debug;
		};
		078CE99D205C9C1C001592BA /* Release */ = {
			isa = XCBuildConfiguration;
			baseConfigurationReference = 31FF0E510B440F72C55BC8C5 /* Pods-Kosoku-Blog-Ditko.release.xcconfig */;
			buildSettings = {
				ASSETCATALOG_COMPILER_APPICON_NAME = AppIcon;
				CODE_SIGN_STYLE = Automatic;
				DEVELOPMENT_TEAM = 74KPPW2K35;
				INFOPLIST_FILE = "Kosoku-Blog-Ditko/Info.plist";
				LD_RUNPATH_SEARCH_PATHS = "$(inherited) @executable_path/Frameworks";
				PRODUCT_BUNDLE_IDENTIFIER = "com.kosoku.Kosoku-Blog-Ditko";
				PRODUCT_NAME = "$(TARGET_NAME)";
				TARGETED_DEVICE_FAMILY = "1,2";
			};
			name = Release;
		};
/* End XCBuildConfiguration section */

/* Begin XCConfigurationList section */
		078CE980205C9C1C001592BA /* Build configuration list for PBXProject "Kosoku-Blog-Ditko" */ = {
			isa = XCConfigurationList;
			buildConfigurations = (
				078CE999205C9C1C001592BA /* Debug */,
				078CE99A205C9C1C001592BA /* Release */,
			);
			defaultConfigurationIsVisible = 0;
			defaultConfigurationName = Release;
		};
		078CE99B205C9C1C001592BA /* Build configuration list for PBXNativeTarget "Kosoku-Blog-Ditko" */ = {
			isa = XCConfigurationList;
			buildConfigurations = (
				078CE99C205C9C1C001592BA /* Debug */,
				078CE99D205C9C1C001592BA /* Release */,
			);
			defaultConfigurationIsVisible = 0;
			defaultConfigurationName = Release;
		};
/* End XCConfigurationList section */
	};
	rootObject = 078CE97D205C9C1C001592BA /* Project object */;
}
